
Microsoft Visual Studio Solution File, Format Version 12.00
# Visual Studio Version 17
VisualStudioVersion = 17.0.31903.59
MinimumVisualStudioVersion = 10.0.40219.1
Project("{2150E333-8FDC-42A3-9474-1A3956D46DE8}") = "src", "src", "{7C29C00F-C35E-48B7-8074-67F9A710D0B7}"
EndProject
Project("{2150E333-8FDC-42A3-9474-1A3956D46DE8}") = "Core", "Core", "{F9CA1DDA-2C56-48F6-B9ED-40BA5C52A046}"
EndProject
Project("{9A19103F-16F7-4668-BE54-9A1E7A4F7556}") = "Application", "src\Core\Application\Application.csproj", "{7B742B71-D4FB-45C5-B6B4-E92EE43BBB5E}"
EndProject
Project("{9A19103F-16F7-4668-BE54-9A1E7A4F7556}") = "Domain", "src\Core\Domain\Domain.csproj", "{D891801B-3ABD-4332-B750-F1CD5579EA42}"
EndProject
Project("{2150E333-8FDC-42A3-9474-1A3956D46DE8}") = "External", "External", "{19A34660-1C40-452F-9B21-CC0D43B8F192}"
EndProject
Project("{9A19103F-16F7-4668-BE54-9A1E7A4F7556}") = "Contracts", "src\External\Contracts\Contracts.csproj", "{0F144C94-D14E-418B-82F7-0953E02B5342}"
EndProject
Project("{9A19103F-16F7-4668-BE54-9A1E7A4F7556}") = "Infrastructure", "src\External\Infrastructure\Infrastructure.csproj", "{06EBB3BD-FCF6-4807-8603-5F253A006C03}"
EndProject
Project("{9A19103F-16F7-4668-BE54-9A1E7A4F7556}") = "WebAPI", "src\WebAPI\WebAPI.csproj", "{F7F8DB24-6306-4979-9A15-449D7412D48A}"
EndProject
Project("{2150E333-8FDC-42A3-9474-1A3956D46DE8}") = "docs", "docs", "{4C307CEF-B62E-46BD-8C17-2B0134381877}"
	ProjectSection(SolutionItems) = preProject
		docs\Api.md = docs\Api.md
		docs\DomainModels.md = docs\DomainModels.md
	EndProjectSection
EndProject
Project("{2150E333-8FDC-42A3-9474-1A3956D46DE8}") = "requests", "requests", "{21E8F80B-662E-42E6-8288-4AE41C5F104F}"
	ProjectSection(SolutionItems) = preProject
		requests\postman_collection.json = requests\postman_collection.json
	EndProjectSection
EndProject
Project("{2150E333-8FDC-42A3-9474-1A3956D46DE8}") = "authentication", "authentication", "{67FFABC3-9A07-419A-B66B-C7E6867DE265}"
	ProjectSection(SolutionItems) = preProject
		requests\Authentication\Login.http = requests\Authentication\Login.http
		requests\Authentication\Register.http = requests\Authentication\Register.http
	EndProjectSection
EndProject
Project("{2150E333-8FDC-42A3-9474-1A3956D46DE8}") = "projects", "projects", "{E2963ADC-693C-4D38-ADDF-BDEDCBE53754}"
	ProjectSection(SolutionItems) = preProject
		requests\projects\ListProjects.http = requests\projects\ListProjects.http
	EndProjectSection
EndProject
Project("{2150E333-8FDC-42A3-9474-1A3956D46DE8}") = "Solution Items", "Solution Items", "{D87FA9F7-8C01-4772-9C73-BE2D5E66C7AC}"
	ProjectSection(SolutionItems) = preProject
		.editorconfig = .editorconfig
		Directory.Build.Props = Directory.Build.Props
	EndProjectSection
EndProject
Global
	GlobalSection(SolutionConfigurationPlatforms) = preSolution
		Debug|Any CPU = Debug|Any CPU
		Release|Any CPU = Release|Any CPU
	EndGlobalSection
	GlobalSection(ProjectConfigurationPlatforms) = postSolution
		{7B742B71-D4FB-45C5-B6B4-E92EE43BBB5E}.Debug|Any CPU.ActiveCfg = Debug|Any CPU
		{7B742B71-D4FB-45C5-B6B4-E92EE43BBB5E}.Debug|Any CPU.Build.0 = Debug|Any CPU
		{7B742B71-D4FB-45C5-B6B4-E92EE43BBB5E}.Release|Any CPU.ActiveCfg = Release|Any CPU
		{7B742B71-D4FB-45C5-B6B4-E92EE43BBB5E}.Release|Any CPU.Build.0 = Release|Any CPU
		{D891801B-3ABD-4332-B750-F1CD5579EA42}.Debug|Any CPU.ActiveCfg = Debug|Any CPU
		{D891801B-3ABD-4332-B750-F1CD5579EA42}.Debug|Any CPU.Build.0 = Debug|Any CPU
		{D891801B-3ABD-4332-B750-F1CD5579EA42}.Release|Any CPU.ActiveCfg = Release|Any CPU
		{D891801B-3ABD-4332-B750-F1CD5579EA42}.Release|Any CPU.Build.0 = Release|Any CPU
		{0F144C94-D14E-418B-82F7-0953E02B5342}.Debug|Any CPU.ActiveCfg = Debug|Any CPU
		{0F144C94-D14E-418B-82F7-0953E02B5342}.Debug|Any CPU.Build.0 = Debug|Any CPU
		{0F144C94-D14E-418B-82F7-0953E02B5342}.Release|Any CPU.ActiveCfg = Release|Any CPU
		{0F144C94-D14E-418B-82F7-0953E02B5342}.Release|Any CPU.Build.0 = Release|Any CPU
		{06EBB3BD-FCF6-4807-8603-5F253A006C03}.Debug|Any CPU.ActiveCfg = Debug|Any CPU
		{06EBB3BD-FCF6-4807-8603-5F253A006C03}.Debug|Any CPU.Build.0 = Debug|Any CPU
		{06EBB3BD-FCF6-4807-8603-5F253A006C03}.Release|Any CPU.ActiveCfg = Release|Any CPU
		{06EBB3BD-FCF6-4807-8603-5F253A006C03}.Release|Any CPU.Build.0 = Release|Any CPU
		{F7F8DB24-6306-4979-9A15-449D7412D48A}.Debug|Any CPU.ActiveCfg = Debug|Any CPU
		{F7F8DB24-6306-4979-9A15-449D7412D48A}.Debug|Any CPU.Build.0 = Debug|Any CPU
		{F7F8DB24-6306-4979-9A15-449D7412D48A}.Release|Any CPU.ActiveCfg = Release|Any CPU
		{F7F8DB24-6306-4979-9A15-449D7412D48A}.Release|Any CPU.Build.0 = Release|Any CPU
	EndGlobalSection
	GlobalSection(SolutionProperties) = preSolution
		HideSolutionNode = FALSE
	EndGlobalSection
	GlobalSection(NestedProjects) = preSolution
		{F9CA1DDA-2C56-48F6-B9ED-40BA5C52A046} = {7C29C00F-C35E-48B7-8074-67F9A710D0B7}
		{7B742B71-D4FB-45C5-B6B4-E92EE43BBB5E} = {F9CA1DDA-2C56-48F6-B9ED-40BA5C52A046}
		{D891801B-3ABD-4332-B750-F1CD5579EA42} = {F9CA1DDA-2C56-48F6-B9ED-40BA5C52A046}
		{19A34660-1C40-452F-9B21-CC0D43B8F192} = {7C29C00F-C35E-48B7-8074-67F9A710D0B7}
		{0F144C94-D14E-418B-82F7-0953E02B5342} = {19A34660-1C40-452F-9B21-CC0D43B8F192}
		{06EBB3BD-FCF6-4807-8603-5F253A006C03} = {19A34660-1C40-452F-9B21-CC0D43B8F192}
		{F7F8DB24-6306-4979-9A15-449D7412D48A} = {7C29C00F-C35E-48B7-8074-67F9A710D0B7}
		{67FFABC3-9A07-419A-B66B-C7E6867DE265} = {21E8F80B-662E-42E6-8288-4AE41C5F104F}
		{E2963ADC-693C-4D38-ADDF-BDEDCBE53754} = {21E8F80B-662E-42E6-8288-4AE41C5F104F}
	EndGlobalSection
	GlobalSection(ExtensibilityGlobals) = postSolution
		SolutionGuid = {FC0D4948-499B-4EC5-A02A-407393084CAD}
	EndGlobalSection
EndGlobal
